# THIS IS AN AUTOGENERATED FILE. DO NOT EDIT THIS FILE DIRECTLY.
# yarn lockfile v1


tailwindcss-opentype@^1.1.0:
  version "1.1.0"
  resolved "https://registry.yarnpkg.com/tailwindcss-opentype/-/tailwindcss-opentype-1.1.0.tgz#68aebc6f8a24151167b0a4f372370afe375a3b38"
  integrity sha512-d/+/oBITS2JX/Nn+20WSfnxQbYNcSHMNrKeBwmgetxf/9Nmi5k1pOae6OJC4WD+5M8jX9Xb8TnLZ2lkp6qv09A==
